github.com/golang/lint v0.0.0-20181026193005-c67002cb31c3 h1:I4BOK3PBMjhWfQM2zPJKK7lOBGsrsvOB7kBELP33hiE=
github.com/golang/lint v0.0.0-20181026193005-c67002cb31c3/go.mod h1:tluoj9z5200jBnyusfRPU2LqT6J+DAorxEvtC7LHB+E=
golang.org/x/lint v0.0.0-20181026193005-c67002cb31c3 h1:x/bBzNauLQAlE3fLku/xy92Y8QwKX5HZymrMz2IiKFc=
golang.org/x/lint v0.0.0-20181026193005-c67002cb31c3/go.mod h1:UVdnD1Gm6xHRNCYTkRU2/jEulfH38KcIWyp/GAMgvoE=
golang.org/x/tools v0.0.0-20181210225255-6a3e9aa2ab77 h1:s+6psEFi3o1QryeA/qyvUoVaHMCQkYVvZ0i2ZolwSJc=
golang.org/x/tools v0.0.0-20181210225255-6a3e9aa2ab77/go.mod h1:n7NCudcB/nEzxVGmLbDWY5pfWTLqBcC2KZ6jyYvM4mQ=
